
Microsoft Visual Studio Solution File, Format Version 12.00
# Visual Studio Version 17
VisualStudioVersion = 17.5.33424.131
MinimumVisualStudioVersion = 10.0.40219.1
Project("{FAE04EC0-301F-11D3-BF4B-00C04F79EFBC}") = "EFCoreDemoConsole", "EFCoreDemoConsole\EFCoreDemoConsole.csproj", "{EA184404-36DA-4CE6-92FB-3F46983A5425}"
EndProject
Global
	GlobalSection(SolutionConfigurationPlatforms) = preSolution
		Debug|Any CPU = Debug|Any CPU
		Release|Any CPU = Release|Any CPU
	EndGlobalSection
	GlobalSection(ProjectConfigurationPlatforms) = postSolution
		{EA184404-36DA-4CE6-92FB-3F46983A5425}.Debug|Any CPU.ActiveCfg = Debug|Any CPU
		{EA184404-36DA-4CE6-92FB-3F46983A5425}.Debug|Any CPU.Build.0 = Debug|Any CPU
		{EA184404-36DA-4CE6-92FB-3F46983A5425}.Release|Any CPU.ActiveCfg = Release|Any CPU
		{EA184404-36DA-4CE6-92FB-3F46983A5425}.Release|Any CPU.Build.0 = Release|Any CPU
	EndGlobalSection
	GlobalSection(SolutionProperties) = preSolution
		HideSolutionNode = FALSE
	EndGlobalSection
	GlobalSection(ExtensibilityGlobals) = postSolution
		SolutionGuid = {2D31B6D7-5DB3-479F-8BC3-EE0494DC075A}
	EndGlobalSection
EndGlobal
